schema: '2.0'
stages:
  prepare:
    cmd: python src/prepare.py
    deps:
    - path: src/prepare.py
      hash: md5
      md5: 71ce36c9f353e5e1e5b684056331ff1c
      size: 454
    outs:
    - path: data/iris.csv
      hash: md5
      md5: 21d441a28bce4417276097df955afc50
      size: 2928
  train:
    cmd: python src/train.py
    deps:
    - path: data/iris.csv
      hash: md5
      md5: 21d441a28bce4417276097df955afc50
      size: 2928
    - path: src/train.py
      hash: md5
      md5: 258d257da1cf0d81a94c6aa93aaf1a55
      size: 2146
    params:
      params.yaml:
        train.max_depth: 37
        train.n_estimators: 110
    outs:
    - path: metrics.json
      hash: md5
      md5: 9a0379eaa11dd7b9e9995a62a5f21656
      size: 17
    - path: models/model.pkl
      hash: md5
      md5: c85e1bf488c44756d437ca533d4d9c31
      size: 206853
